
Microsoft Visual Studio Solution File, Format Version 12.00
# Visual Studio Version 16
VisualStudioVersion = 16.0.30413.136
MinimumVisualStudioVersion = 10.0.40219.1
Project("{FAE04EC0-301F-11D3-BF4B-00C04F79EFBC}") = "BasicCalculateProject", "BasicCalculateProject\BasicCalculateProject.csproj", "{E053B6E2-2C8D-4F80-AFB9-2B18B67664D7}"
EndProject
Project("{FAE04EC0-301F-11D3-BF4B-00C04F79EFBC}") = "CalculateProject.tests", "CalculateProject.tests\CalculateProject.tests.csproj", "{53697567-02FE-4464-B8B3-8B5A558F8192}"
EndProject
Global
	GlobalSection(SolutionConfigurationPlatforms) = preSolution
		Debug|Any CPU = Debug|Any CPU
		Release|Any CPU = Release|Any CPU
	EndGlobalSection
	GlobalSection(ProjectConfigurationPlatforms) = postSolution
		{E053B6E2-2C8D-4F80-AFB9-2B18B67664D7}.Debug|Any CPU.ActiveCfg = Debug|Any CPU
		{E053B6E2-2C8D-4F80-AFB9-2B18B67664D7}.Debug|Any CPU.Build.0 = Debug|Any CPU
		{E053B6E2-2C8D-4F80-AFB9-2B18B67664D7}.Release|Any CPU.ActiveCfg = Release|Any CPU
		{E053B6E2-2C8D-4F80-AFB9-2B18B67664D7}.Release|Any CPU.Build.0 = Release|Any CPU
		{53697567-02FE-4464-B8B3-8B5A558F8192}.Debug|Any CPU.ActiveCfg = Debug|Any CPU
		{53697567-02FE-4464-B8B3-8B5A558F8192}.Debug|Any CPU.Build.0 = Debug|Any CPU
		{53697567-02FE-4464-B8B3-8B5A558F8192}.Release|Any CPU.ActiveCfg = Release|Any CPU
		{53697567-02FE-4464-B8B3-8B5A558F8192}.Release|Any CPU.Build.0 = Release|Any CPU
	EndGlobalSection
	GlobalSection(SolutionProperties) = preSolution
		HideSolutionNode = FALSE
	EndGlobalSection
	GlobalSection(ExtensibilityGlobals) = postSolution
		SolutionGuid = {F7BF05AE-6492-40DA-914A-B4293389E518}
	EndGlobalSection
EndGlobal
